PODS:
  - AFNetworking (2.5.4):
    - AFNetworking/NSURLConnection (= 2.5.4)
    - AFNetworking/NSURLSession (= 2.5.4)
    - AFNetworking/Reachability (= 2.5.4)
    - AFNetworking/Security (= 2.5.4)
    - AFNetworking/Serialization (= 2.5.4)
    - AFNetworking/UIKit (= 2.5.4)
  - AFNetworking/NSURLConnection (2.5.4):
    - AFNetworking/Reachability
    - AFNetworking/Security
    - AFNetworking/Serialization
  - AFNetworking/NSURLSession (2.5.4):
    - AFNetworking/Reachability
    - AFNetworking/Security
    - AFNetworking/Serialization
  - AFNetworking/Reachability (2.5.4)
  - AFNetworking/Security (2.5.4)
  - AFNetworking/Serialization (2.5.4)
  - AFNetworking/UIKit (2.5.4):
    - AFNetworking/NSURLConnection
    - AFNetworking/NSURLSession
  - Kiwi (2.3.1)
  - MAObjCRuntime (0.0.1)
  - NSData+Base64 (1.0.0)

DEPENDENCIES:
  - AFNetworking (= 2.5.4)
  - Kiwi (= 2.3.1)
  - MAObjCRuntime (= 0.0.1)
  - NSData+Base64 (= 1.0.0)

SPEC CHECKSUMS:
  AFNetworking: 05edc0ac4c4c8cf57bcf4b84be5b0744b6d8e71e
  Kiwi: f038a6c61f7a9e4d7766bff5717aa3b3fdb75f55
  MAObjCRuntime: a6a1d95acbfa3784d66cb35bd42904e47943b488
  NSData+Base64: 4e84902c4db907a15673474677e57763ef3903e4

COCOAPODS: 0.39.0
