PODS:
  - AFNetworking (1.3.3)
  - Kiwi (2.2.3):
    - Kiwi/SenTestingKit
  - Kiwi/ARC (2.2.3)
  - Kiwi/NonARC (2.2.3)
  - Kiwi/SenTestingKit (2.2.3):
    - Kiwi/ARC
    - Kiwi/NonARC

DEPENDENCIES:
  - AFNetworking (~> 1.3.3)
  - Kiwi (~> 2.2)

SPEC CHECKSUMS:
  AFNetworking: 5f5b2a731d6fc2082b8abc63d40fcaed5482c42f
  Kiwi: 7b9bc7294de746357213067a1df49cc0a59384e8

COCOAPODS: 0.33.1
