// !$*UTF8*$!
{
	archiveVersion = 1;
	classes = {
	};
	objectVersion = 46;
	objects = {

/* Begin PBXBuildFile section */
		7A0413BA146C5B3A00EF537A /* ASIAuthenticationDialog.h in Headers */ = {isa = PBXBuildFile; fileRef = 7A0413A1146C5B3A00EF537A /* ASIAuthenticationDialog.h */; };
		7A0413BB146C5B3A00EF537A /* ASIAuthenticationDialog.m in Sources */ = {isa = PBXBuildFile; fileRef = 7A0413A2146C5B3A00EF537A /* ASIAuthenticationDialog.m */; settings = {COMPILER_FLAGS = "-fno-objc-arc"; }; };
		7A0413BC146C5B3A00EF537A /* ASICacheDelegate.h in Headers */ = {isa = PBXBuildFile; fileRef = 7A0413A3146C5B3A00EF537A /* ASICacheDelegate.h */; };
		7A0413BD146C5B3A00EF537A /* ASIDataCompressor.h in Headers */ = {isa = PBXBuildFile; fileRef = 7A0413A4146C5B3A00EF537A /* ASIDataCompressor.h */; };
		7A0413BE146C5B3A00EF537A /* ASIDataCompressor.m in Sources */ = {isa = PBXBuildFile; fileRef = 7A0413A5146C5B3A00EF537A /* ASIDataCompressor.m */; settings = {COMPILER_FLAGS = "-fno-objc-arc"; }; };
		7A0413BF146C5B3A00EF537A /* ASIDataDecompressor.h in Headers */ = {isa = PBXBuildFile; fileRef = 7A0413A6146C5B3A00EF537A /* ASIDataDecompressor.h */; };
		7A0413C0146C5B3A00EF537A /* ASIDataDecompressor.m in Sources */ = {isa = PBXBuildFile; fileRef = 7A0413A7146C5B3A00EF537A /* ASIDataDecompressor.m */; settings = {COMPILER_FLAGS = "-fno-objc-arc"; }; };
		7A0413C1146C5B3A00EF537A /* ASIDownloadCache.h in Headers */ = {isa = PBXBuildFile; fileRef = 7A0413A8146C5B3A00EF537A /* ASIDownloadCache.h */; };
		7A0413C2146C5B3A00EF537A /* ASIDownloadCache.m in Sources */ = {isa = PBXBuildFile; fileRef = 7A0413A9146C5B3A00EF537A /* ASIDownloadCache.m */; settings = {COMPILER_FLAGS = "-fno-objc-arc"; }; };
		7A0413C3146C5B3A00EF537A /* ASIFormDataRequest.h in Headers */ = {isa = PBXBuildFile; fileRef = 7A0413AA146C5B3A00EF537A /* ASIFormDataRequest.h */; };
		7A0413C4146C5B3A00EF537A /* ASIFormDataRequest.m in Sources */ = {isa = PBXBuildFile; fileRef = 7A0413AB146C5B3A00EF537A /* ASIFormDataRequest.m */; settings = {COMPILER_FLAGS = "-fno-objc-arc"; }; };
		7A0413C5146C5B3A00EF537A /* ASIHTTPRequest.h in Headers */ = {isa = PBXBuildFile; fileRef = 7A0413AC146C5B3A00EF537A /* ASIHTTPRequest.h */; };
		7A0413C6146C5B3A00EF537A /* ASIHTTPRequest.m in Sources */ = {isa = PBXBuildFile; fileRef = 7A0413AD146C5B3A00EF537A /* ASIHTTPRequest.m */; settings = {COMPILER_FLAGS = "-fno-objc-arc"; }; };
		7A0413C7146C5B3A00EF537A /* ASIHTTPRequestConfig.h in Headers */ = {isa = PBXBuildFile; fileRef = 7A0413AE146C5B3A00EF537A /* ASIHTTPRequestConfig.h */; };
		7A0413C8146C5B3A00EF537A /* ASIHTTPRequestDelegate.h in Headers */ = {isa = PBXBuildFile; fileRef = 7A0413AF146C5B3A00EF537A /* ASIHTTPRequestDelegate.h */; };
		7A0413C9146C5B3A00EF537A /* ASIInputStream.h in Headers */ = {isa = PBXBuildFile; fileRef = 7A0413B0146C5B3A00EF537A /* ASIInputStream.h */; };
		7A0413CA146C5B3A00EF537A /* ASIInputStream.m in Sources */ = {isa = PBXBuildFile; fileRef = 7A0413B1146C5B3A00EF537A /* ASIInputStream.m */; settings = {COMPILER_FLAGS = "-fno-objc-arc"; }; };
		7A0413CB146C5B3A00EF537A /* ASINetworkQueue.h in Headers */ = {isa = PBXBuildFile; fileRef = 7A0413B2146C5B3A00EF537A /* ASINetworkQueue.h */; };
		7A0413CC146C5B3A00EF537A /* ASINetworkQueue.m in Sources */ = {isa = PBXBuildFile; fileRef = 7A0413B3146C5B3A00EF537A /* ASINetworkQueue.m */; settings = {COMPILER_FLAGS = "-fno-objc-arc"; }; };
		7A0413CD146C5B3A00EF537A /* ASIProgressDelegate.h in Headers */ = {isa = PBXBuildFile; fileRef = 7A0413B4146C5B3A00EF537A /* ASIProgressDelegate.h */; };
		7A0413CE146C5B3A00EF537A /* Reachability.h in Headers */ = {isa = PBXBuildFile; fileRef = 7A0413B7146C5B3A00EF537A /* Reachability.h */; };
		7A0413CF146C5B3A00EF537A /* Reachability.m in Sources */ = {isa = PBXBuildFile; fileRef = 7A0413B8146C5B3A00EF537A /* Reachability.m */; settings = {COMPILER_FLAGS = "-fno-objc-arc"; }; };
		7A0413D2146C5B5200EF537A /* CFNetwork.framework in Frameworks */ = {isa = PBXBuildFile; fileRef = 7A0413D1146C5B5200EF537A /* CFNetwork.framework */; };
		7A0413D4146C5B5C00EF537A /* SystemConfiguration.framework in Frameworks */ = {isa = PBXBuildFile; fileRef = 7A0413D3146C5B5C00EF537A /* SystemConfiguration.framework */; };
		7A0413D6146C5B6900EF537A /* MobileCoreServices.framework in Frameworks */ = {isa = PBXBuildFile; fileRef = 7A0413D5146C5B6900EF537A /* MobileCoreServices.framework */; };
		7A0413D8146C5B7000EF537A /* CoreGraphics.framework in Frameworks */ = {isa = PBXBuildFile; fileRef = 7A0413D7146C5B7000EF537A /* CoreGraphics.framework */; };
		7A0413DA146C5B7400EF537A /* libz.dylib in Frameworks */ = {isa = PBXBuildFile; fileRef = 7A0413D9146C5B7400EF537A /* libz.dylib */; };
		7A04E86B147D8435006E00AB /* CMServerFunction.h in Headers */ = {isa = PBXBuildFile; fileRef = 7A04E869147D8435006E00AB /* CMServerFunction.h */; };
		7A04E86C147D8435006E00AB /* CMServerFunction.m in Sources */ = {isa = PBXBuildFile; fileRef = 7A04E86A147D8435006E00AB /* CMServerFunction.m */; };
		7A04E86F147D90F5006E00AB /* CMServerFunctionSpec.m in Sources */ = {isa = PBXBuildFile; fileRef = 7A04E86E147D90F5006E00AB /* CMServerFunctionSpec.m */; };
		7A0DB1BC147B016B007F482C /* CMBlockValidationMessageSpy.m in Sources */ = {isa = PBXBuildFile; fileRef = 7A0DB1BB147B016B007F482C /* CMBlockValidationMessageSpy.m */; };
		7A308A3714798EFD008ADD3C /* UIKit.framework in Frameworks */ = {isa = PBXBuildFile; fileRef = 7AD36F80146C656600DD4734 /* UIKit.framework */; };
		7A308A3814798F0E008ADD3C /* MobileCoreServices.framework in Frameworks */ = {isa = PBXBuildFile; fileRef = 7A0413D5146C5B6900EF537A /* MobileCoreServices.framework */; };
		7A308A3914798F12008ADD3C /* SystemConfiguration.framework in Frameworks */ = {isa = PBXBuildFile; fileRef = 7A0413D3146C5B5C00EF537A /* SystemConfiguration.framework */; };
		7A308A3A14798F19008ADD3C /* CoreGraphics.framework in Frameworks */ = {isa = PBXBuildFile; fileRef = 7A0413D7146C5B7000EF537A /* CoreGraphics.framework */; };
		7A308A3B14798F1D008ADD3C /* CFNetwork.framework in Frameworks */ = {isa = PBXBuildFile; fileRef = 7A0413D1146C5B5200EF537A /* CFNetwork.framework */; };
		7A308A3C14798F29008ADD3C /* libz.dylib in Frameworks */ = {isa = PBXBuildFile; fileRef = 7A0413D9146C5B7400EF537A /* libz.dylib */; };
		7A308A4414799134008ADD3C /* CMWebServiceSpec.m in Sources */ = {isa = PBXBuildFile; fileRef = 7A308A4314799134008ADD3C /* CMWebServiceSpec.m */; };
		7A308A4C14799471008ADD3C /* libKiwi.a in Frameworks */ = {isa = PBXBuildFile; fileRef = 7A308A4B14799471008ADD3C /* libKiwi.a */; };
		7A6B800D14871BCA00D8B211 /* CMObjectDecoderSpec.m in Sources */ = {isa = PBXBuildFile; fileRef = 7A6B800C14871BCA00D8B211 /* CMObjectDecoderSpec.m */; };
		7A6B801114871E3700D8B211 /* CMGenericSerializableObject.m in Sources */ = {isa = PBXBuildFile; fileRef = 7A6B801014871E3700D8B211 /* CMGenericSerializableObject.m */; };
		7A7EDBDA148EBE3800AB5B69 /* CMObjectSerialization.h in Headers */ = {isa = PBXBuildFile; fileRef = 7A7EDBD9148EBE3800AB5B69 /* CMObjectSerialization.h */; };
		7AABA2E31480513500FD52A0 /* CMSerializable.h in Headers */ = {isa = PBXBuildFile; fileRef = 7AABA2E21480513500FD52A0 /* CMSerializable.h */; };
		7AABA2E51480549A00FD52A0 /* CMObjectEncoderSpec.m in Sources */ = {isa = PBXBuildFile; fileRef = 7AABA2E41480549A00FD52A0 /* CMObjectEncoderSpec.m */; };
		7AABA2E81480598300FD52A0 /* NSString+UUID.h in Headers */ = {isa = PBXBuildFile; fileRef = 7AABA2E61480598300FD52A0 /* NSString+UUID.h */; };
		7AABA2E91480598300FD52A0 /* NSString+UUID.m in Sources */ = {isa = PBXBuildFile; fileRef = 7AABA2E71480598300FD52A0 /* NSString+UUID.m */; };
		7AABA30014818DCA00FD52A0 /* CMObjectDecoder.h in Headers */ = {isa = PBXBuildFile; fileRef = 7AABA2FB14818DCA00FD52A0 /* CMObjectDecoder.h */; };
		7AABA30114818DCA00FD52A0 /* CMObjectDecoder.m in Sources */ = {isa = PBXBuildFile; fileRef = 7AABA2FC14818DCA00FD52A0 /* CMObjectDecoder.m */; };
		7AABA30214818DCA00FD52A0 /* CMObjectEncoder.h in Headers */ = {isa = PBXBuildFile; fileRef = 7AABA2FE14818DCA00FD52A0 /* CMObjectEncoder.h */; };
		7AABA30314818DCA00FD52A0 /* CMObjectEncoder.m in Sources */ = {isa = PBXBuildFile; fileRef = 7AABA2FF14818DCA00FD52A0 /* CMObjectEncoder.m */; };
		7AABA30614818E2A00FD52A0 /* CMJSONEncoder.h in Headers */ = {isa = PBXBuildFile; fileRef = 7AABA30414818E2A00FD52A0 /* CMJSONEncoder.h */; };
		7AABA30714818E2A00FD52A0 /* CMJSONEncoder.m in Sources */ = {isa = PBXBuildFile; fileRef = 7AABA30514818E2A00FD52A0 /* CMJSONEncoder.m */; };
		7AB4AB63145DC5D8006AEF67 /* Foundation.framework in Frameworks */ = {isa = PBXBuildFile; fileRef = 7AB4AB62145DC5D8006AEF67 /* Foundation.framework */; };
		7AB4AB71145DC5D8006AEF67 /* SenTestingKit.framework in Frameworks */ = {isa = PBXBuildFile; fileRef = 7AB4AB70145DC5D8006AEF67 /* SenTestingKit.framework */; };
		7AB4AB74145DC5D8006AEF67 /* Foundation.framework in Frameworks */ = {isa = PBXBuildFile; fileRef = 7AB4AB62145DC5D8006AEF67 /* Foundation.framework */; };
		7AB4AB77145DC5D8006AEF67 /* libcloudmine.a in Frameworks */ = {isa = PBXBuildFile; fileRef = 7AB4AB5F145DC5D8006AEF67 /* libcloudmine.a */; };
		7AB4AB7D145DC5D8006AEF67 /* InfoPlist.strings in Resources */ = {isa = PBXBuildFile; fileRef = 7AB4AB7B145DC5D8006AEF67 /* InfoPlist.strings */; };
		7AD36F79146C643E00DD4734 /* CMObject.h in Headers */ = {isa = PBXBuildFile; fileRef = 7AD36F77146C643E00DD4734 /* CMObject.h */; };
		7AD36F7A146C643E00DD4734 /* CMObject.m in Sources */ = {isa = PBXBuildFile; fileRef = 7AD36F78146C643E00DD4734 /* CMObject.m */; };
		7AD36F7E146C650500DD4734 /* CMWebService.h in Headers */ = {isa = PBXBuildFile; fileRef = 7AD36F7C146C650500DD4734 /* CMWebService.h */; };
		7AD36F7F146C650500DD4734 /* CMWebService.m in Sources */ = {isa = PBXBuildFile; fileRef = 7AD36F7D146C650500DD4734 /* CMWebService.m */; };
		7AD36F81146C656600DD4734 /* UIKit.framework in Frameworks */ = {isa = PBXBuildFile; fileRef = 7AD36F80146C656600DD4734 /* UIKit.framework */; };
		7AD36F84146CA4AC00DD4734 /* CMAPICredentials.h in Headers */ = {isa = PBXBuildFile; fileRef = 7AD36F82146CA4AC00DD4734 /* CMAPICredentials.h */; };
		7AD36F85146CA4AC00DD4734 /* CMAPICredentials.m in Sources */ = {isa = PBXBuildFile; fileRef = 7AD36F83146CA4AC00DD4734 /* CMAPICredentials.m */; };
		7AD36F88146CAE0700DD4734 /* CMUserCredentials.h in Headers */ = {isa = PBXBuildFile; fileRef = 7AD36F86146CAE0600DD4734 /* CMUserCredentials.h */; };
		7AD36F89146CAE0700DD4734 /* CMUserCredentials.m in Sources */ = {isa = PBXBuildFile; fileRef = 7AD36F87146CAE0700DD4734 /* CMUserCredentials.m */; };
		7AD36F8D146CB6A600DD4734 /* NSURL+QueryParameterAdditions.h in Headers */ = {isa = PBXBuildFile; fileRef = 7AD36F8B146CB6A600DD4734 /* NSURL+QueryParameterAdditions.h */; };
		7AD36F8E146CB6A600DD4734 /* NSURL+QueryParameterAdditions.m in Sources */ = {isa = PBXBuildFile; fileRef = 7AD36F8C146CB6A600DD4734 /* NSURL+QueryParameterAdditions.m */; };
		7AF6685514719FC900E2A06D /* YAJLiOS in Frameworks */ = {isa = PBXBuildFile; fileRef = 7AF6685414719FC800E2A06D /* YAJLiOS */; };
/* End PBXBuildFile section */

/* Begin PBXContainerItemProxy section */
		7AB4AB75145DC5D8006AEF67 /* PBXContainerItemProxy */ = {
			isa = PBXContainerItemProxy;
			containerPortal = 7AB4AB56145DC5D8006AEF67 /* Project object */;
			proxyType = 1;
			remoteGlobalIDString = 7AB4AB5E145DC5D8006AEF67;
			remoteInfo = ios;
		};
/* End PBXContainerItemProxy section */

/* Begin PBXFileReference section */
		7A0413A1146C5B3A00EF537A /* ASIAuthenticationDialog.h */ = {isa = PBXFileReference; fileEncoding = 4; lastKnownFileType = sourcecode.c.h; path = ASIAuthenticationDialog.h; sourceTree = "<group>"; };
		7A0413A2146C5B3A00EF537A /* ASIAuthenticationDialog.m */ = {isa = PBXFileReference; fileEncoding = 4; lastKnownFileType = sourcecode.c.objc; path = ASIAuthenticationDialog.m; sourceTree = "<group>"; };
		7A0413A3146C5B3A00EF537A /* ASICacheDelegate.h */ = {isa = PBXFileReference; fileEncoding = 4; lastKnownFileType = sourcecode.c.h; path = ASICacheDelegate.h; sourceTree = "<group>"; };
		7A0413A4146C5B3A00EF537A /* ASIDataCompressor.h */ = {isa = PBXFileReference; fileEncoding = 4; lastKnownFileType = sourcecode.c.h; path = ASIDataCompressor.h; sourceTree = "<group>"; };
		7A0413A5146C5B3A00EF537A /* ASIDataCompressor.m */ = {isa = PBXFileReference; fileEncoding = 4; lastKnownFileType = sourcecode.c.objc; path = ASIDataCompressor.m; sourceTree = "<group>"; };
		7A0413A6146C5B3A00EF537A /* ASIDataDecompressor.h */ = {isa = PBXFileReference; fileEncoding = 4; lastKnownFileType = sourcecode.c.h; path = ASIDataDecompressor.h; sourceTree = "<group>"; };
		7A0413A7146C5B3A00EF537A /* ASIDataDecompressor.m */ = {isa = PBXFileReference; fileEncoding = 4; lastKnownFileType = sourcecode.c.objc; path = ASIDataDecompressor.m; sourceTree = "<group>"; };
		7A0413A8146C5B3A00EF537A /* ASIDownloadCache.h */ = {isa = PBXFileReference; fileEncoding = 4; lastKnownFileType = sourcecode.c.h; path = ASIDownloadCache.h; sourceTree = "<group>"; };
		7A0413A9146C5B3A00EF537A /* ASIDownloadCache.m */ = {isa = PBXFileReference; fileEncoding = 4; lastKnownFileType = sourcecode.c.objc; path = ASIDownloadCache.m; sourceTree = "<group>"; };
		7A0413AA146C5B3A00EF537A /* ASIFormDataRequest.h */ = {isa = PBXFileReference; fileEncoding = 4; lastKnownFileType = sourcecode.c.h; path = ASIFormDataRequest.h; sourceTree = "<group>"; };
		7A0413AB146C5B3A00EF537A /* ASIFormDataRequest.m */ = {isa = PBXFileReference; fileEncoding = 4; lastKnownFileType = sourcecode.c.objc; path = ASIFormDataRequest.m; sourceTree = "<group>"; };
		7A0413AC146C5B3A00EF537A /* ASIHTTPRequest.h */ = {isa = PBXFileReference; fileEncoding = 4; lastKnownFileType = sourcecode.c.h; path = ASIHTTPRequest.h; sourceTree = "<group>"; };
		7A0413AD146C5B3A00EF537A /* ASIHTTPRequest.m */ = {isa = PBXFileReference; fileEncoding = 4; lastKnownFileType = sourcecode.c.objc; path = ASIHTTPRequest.m; sourceTree = "<group>"; };
		7A0413AE146C5B3A00EF537A /* ASIHTTPRequestConfig.h */ = {isa = PBXFileReference; fileEncoding = 4; lastKnownFileType = sourcecode.c.h; path = ASIHTTPRequestConfig.h; sourceTree = "<group>"; };
		7A0413AF146C5B3A00EF537A /* ASIHTTPRequestDelegate.h */ = {isa = PBXFileReference; fileEncoding = 4; lastKnownFileType = sourcecode.c.h; path = ASIHTTPRequestDelegate.h; sourceTree = "<group>"; };
		7A0413B0146C5B3A00EF537A /* ASIInputStream.h */ = {isa = PBXFileReference; fileEncoding = 4; lastKnownFileType = sourcecode.c.h; path = ASIInputStream.h; sourceTree = "<group>"; };
		7A0413B1146C5B3A00EF537A /* ASIInputStream.m */ = {isa = PBXFileReference; fileEncoding = 4; lastKnownFileType = sourcecode.c.objc; path = ASIInputStream.m; sourceTree = "<group>"; };
		7A0413B2146C5B3A00EF537A /* ASINetworkQueue.h */ = {isa = PBXFileReference; fileEncoding = 4; lastKnownFileType = sourcecode.c.h; path = ASINetworkQueue.h; sourceTree = "<group>"; };
		7A0413B3146C5B3A00EF537A /* ASINetworkQueue.m */ = {isa = PBXFileReference; fileEncoding = 4; lastKnownFileType = sourcecode.c.objc; path = ASINetworkQueue.m; sourceTree = "<group>"; };
		7A0413B4146C5B3A00EF537A /* ASIProgressDelegate.h */ = {isa = PBXFileReference; fileEncoding = 4; lastKnownFileType = sourcecode.c.h; path = ASIProgressDelegate.h; sourceTree = "<group>"; };
		7A0413B7146C5B3A00EF537A /* Reachability.h */ = {isa = PBXFileReference; fileEncoding = 4; lastKnownFileType = sourcecode.c.h; path = Reachability.h; sourceTree = "<group>"; };
		7A0413B8146C5B3A00EF537A /* Reachability.m */ = {isa = PBXFileReference; fileEncoding = 4; lastKnownFileType = sourcecode.c.objc; path = Reachability.m; sourceTree = "<group>"; };
		7A0413B9146C5B3A00EF537A /* LICENSE */ = {isa = PBXFileReference; fileEncoding = 4; lastKnownFileType = text; path = LICENSE; sourceTree = "<group>"; };
		7A0413D1146C5B5200EF537A /* CFNetwork.framework */ = {isa = PBXFileReference; lastKnownFileType = wrapper.framework; name = CFNetwork.framework; path = System/Library/Frameworks/CFNetwork.framework; sourceTree = SDKROOT; };
		7A0413D3146C5B5C00EF537A /* SystemConfiguration.framework */ = {isa = PBXFileReference; lastKnownFileType = wrapper.framework; name = SystemConfiguration.framework; path = System/Library/Frameworks/SystemConfiguration.framework; sourceTree = SDKROOT; };
		7A0413D5146C5B6900EF537A /* MobileCoreServices.framework */ = {isa = PBXFileReference; lastKnownFileType = wrapper.framework; name = MobileCoreServices.framework; path = System/Library/Frameworks/MobileCoreServices.framework; sourceTree = SDKROOT; };
		7A0413D7146C5B7000EF537A /* CoreGraphics.framework */ = {isa = PBXFileReference; lastKnownFileType = wrapper.framework; name = CoreGraphics.framework; path = System/Library/Frameworks/CoreGraphics.framework; sourceTree = SDKROOT; };
		7A0413D9146C5B7400EF537A /* libz.dylib */ = {isa = PBXFileReference; lastKnownFileType = "compiled.mach-o.dylib"; name = libz.dylib; path = usr/lib/libz.dylib; sourceTree = SDKROOT; };
		7A04E869147D8435006E00AB /* CMServerFunction.h */ = {isa = PBXFileReference; fileEncoding = 4; lastKnownFileType = sourcecode.c.h; path = CMServerFunction.h; sourceTree = "<group>"; };
		7A04E86A147D8435006E00AB /* CMServerFunction.m */ = {isa = PBXFileReference; fileEncoding = 4; lastKnownFileType = sourcecode.c.objc; path = CMServerFunction.m; sourceTree = "<group>"; };
		7A04E86E147D90F5006E00AB /* CMServerFunctionSpec.m */ = {isa = PBXFileReference; fileEncoding = 4; lastKnownFileType = sourcecode.c.objc; path = CMServerFunctionSpec.m; sourceTree = "<group>"; };
		7A0DB1BA147B016B007F482C /* CMBlockValidationMessageSpy.h */ = {isa = PBXFileReference; fileEncoding = 4; lastKnownFileType = sourcecode.c.h; path = CMBlockValidationMessageSpy.h; sourceTree = "<group>"; };
		7A0DB1BB147B016B007F482C /* CMBlockValidationMessageSpy.m */ = {isa = PBXFileReference; fileEncoding = 4; lastKnownFileType = sourcecode.c.objc; path = CMBlockValidationMessageSpy.m; sourceTree = "<group>"; };
		7A308A4314799134008ADD3C /* CMWebServiceSpec.m */ = {isa = PBXFileReference; fileEncoding = 4; lastKnownFileType = sourcecode.c.objc; path = CMWebServiceSpec.m; sourceTree = "<group>"; };
		7A308A4B14799471008ADD3C /* libKiwi.a */ = {isa = PBXFileReference; lastKnownFileType = archive.ar; name = libKiwi.a; path = "kiwi/build/Release-iphoneos/libKiwi.a"; sourceTree = "<group>"; };
		7A6B800C14871BCA00D8B211 /* CMObjectDecoderSpec.m */ = {isa = PBXFileReference; fileEncoding = 4; lastKnownFileType = sourcecode.c.objc; path = CMObjectDecoderSpec.m; sourceTree = "<group>"; };
		7A6B800F14871E3700D8B211 /* CMGenericSerializableObject.h */ = {isa = PBXFileReference; fileEncoding = 4; lastKnownFileType = sourcecode.c.h; path = CMGenericSerializableObject.h; sourceTree = "<group>"; };
		7A6B801014871E3700D8B211 /* CMGenericSerializableObject.m */ = {isa = PBXFileReference; fileEncoding = 4; lastKnownFileType = sourcecode.c.objc; path = CMGenericSerializableObject.m; sourceTree = "<group>"; };
		7A7EDBD9148EBE3800AB5B69 /* CMObjectSerialization.h */ = {isa = PBXFileReference; fileEncoding = 4; lastKnownFileType = sourcecode.c.h; path = CMObjectSerialization.h; sourceTree = "<group>"; };
		7AABA2E21480513500FD52A0 /* CMSerializable.h */ = {isa = PBXFileReference; fileEncoding = 4; lastKnownFileType = sourcecode.c.h; path = CMSerializable.h; sourceTree = "<group>"; };
		7AABA2E41480549A00FD52A0 /* CMObjectEncoderSpec.m */ = {isa = PBXFileReference; fileEncoding = 4; lastKnownFileType = sourcecode.c.objc; path = CMObjectEncoderSpec.m; sourceTree = "<group>"; };
		7AABA2E61480598300FD52A0 /* NSString+UUID.h */ = {isa = PBXFileReference; fileEncoding = 4; lastKnownFileType = sourcecode.c.h; path = "NSString+UUID.h"; sourceTree = "<group>"; };
		7AABA2E71480598300FD52A0 /* NSString+UUID.m */ = {isa = PBXFileReference; fileEncoding = 4; lastKnownFileType = sourcecode.c.objc; path = "NSString+UUID.m"; sourceTree = "<group>"; };
		7AABA2FB14818DCA00FD52A0 /* CMObjectDecoder.h */ = {isa = PBXFileReference; fileEncoding = 4; lastKnownFileType = sourcecode.c.h; path = CMObjectDecoder.h; sourceTree = "<group>"; };
		7AABA2FC14818DCA00FD52A0 /* CMObjectDecoder.m */ = {isa = PBXFileReference; fileEncoding = 4; lastKnownFileType = sourcecode.c.objc; path = CMObjectDecoder.m; sourceTree = "<group>"; };
		7AABA2FE14818DCA00FD52A0 /* CMObjectEncoder.h */ = {isa = PBXFileReference; fileEncoding = 4; lastKnownFileType = sourcecode.c.h; path = CMObjectEncoder.h; sourceTree = "<group>"; };
		7AABA2FF14818DCA00FD52A0 /* CMObjectEncoder.m */ = {isa = PBXFileReference; fileEncoding = 4; lastKnownFileType = sourcecode.c.objc; path = CMObjectEncoder.m; sourceTree = "<group>"; };
		7AABA30414818E2A00FD52A0 /* CMJSONEncoder.h */ = {isa = PBXFileReference; fileEncoding = 4; lastKnownFileType = sourcecode.c.h; path = CMJSONEncoder.h; sourceTree = "<group>"; };
		7AABA30514818E2A00FD52A0 /* CMJSONEncoder.m */ = {isa = PBXFileReference; fileEncoding = 4; lastKnownFileType = sourcecode.c.objc; path = CMJSONEncoder.m; sourceTree = "<group>"; };
		7AB4AB5F145DC5D8006AEF67 /* libcloudmine.a */ = {isa = PBXFileReference; explicitFileType = archive.ar; includeInIndex = 0; path = libcloudmine.a; sourceTree = BUILT_PRODUCTS_DIR; };
		7AB4AB62145DC5D8006AEF67 /* Foundation.framework */ = {isa = PBXFileReference; lastKnownFileType = wrapper.framework; name = Foundation.framework; path = System/Library/Frameworks/Foundation.framework; sourceTree = SDKROOT; };
		7AB4AB66145DC5D8006AEF67 /* cloudmine-ios-Prefix.pch */ = {isa = PBXFileReference; lastKnownFileType = sourcecode.c.h; path = "cloudmine-ios-Prefix.pch"; sourceTree = "<group>"; };
		7AB4AB6F145DC5D8006AEF67 /* cloudmine-iosTests.octest */ = {isa = PBXFileReference; explicitFileType = wrapper.cfbundle; includeInIndex = 0; path = "cloudmine-iosTests.octest"; sourceTree = BUILT_PRODUCTS_DIR; };
		7AB4AB70145DC5D8006AEF67 /* SenTestingKit.framework */ = {isa = PBXFileReference; lastKnownFileType = wrapper.framework; name = SenTestingKit.framework; path = Library/Frameworks/SenTestingKit.framework; sourceTree = DEVELOPER_DIR; };
		7AB4AB7A145DC5D8006AEF67 /* cloudmine-iosTests-Info.plist */ = {isa = PBXFileReference; lastKnownFileType = text.plist.xml; path = "cloudmine-iosTests-Info.plist"; sourceTree = "<group>"; };
		7AB4AB7C145DC5D8006AEF67 /* en */ = {isa = PBXFileReference; lastKnownFileType = text.plist.strings; name = en; path = en.lproj/InfoPlist.strings; sourceTree = "<group>"; };
		7AD36F73146C623B00DD4734 /* LICENSE */ = {isa = PBXFileReference; fileEncoding = 4; lastKnownFileType = text; path = LICENSE; sourceTree = "<group>"; };
		7AD36F74146C623B00DD4734 /* YAJLiOS.framework */ = {isa = PBXFileReference; lastKnownFileType = wrapper.framework; path = YAJLiOS.framework; sourceTree = "<group>"; };
		7AD36F77146C643E00DD4734 /* CMObject.h */ = {isa = PBXFileReference; fileEncoding = 4; lastKnownFileType = sourcecode.c.h; path = CMObject.h; sourceTree = "<group>"; };
		7AD36F78146C643E00DD4734 /* CMObject.m */ = {isa = PBXFileReference; fileEncoding = 4; lastKnownFileType = sourcecode.c.objc; path = CMObject.m; sourceTree = "<group>"; };
		7AD36F7C146C650500DD4734 /* CMWebService.h */ = {isa = PBXFileReference; fileEncoding = 4; lastKnownFileType = sourcecode.c.h; path = CMWebService.h; sourceTree = "<group>"; };
		7AD36F7D146C650500DD4734 /* CMWebService.m */ = {isa = PBXFileReference; fileEncoding = 4; lastKnownFileType = sourcecode.c.objc; path = CMWebService.m; sourceTree = "<group>"; };
		7AD36F80146C656600DD4734 /* UIKit.framework */ = {isa = PBXFileReference; lastKnownFileType = wrapper.framework; name = UIKit.framework; path = System/Library/Frameworks/UIKit.framework; sourceTree = SDKROOT; };
		7AD36F82146CA4AC00DD4734 /* CMAPICredentials.h */ = {isa = PBXFileReference; fileEncoding = 4; lastKnownFileType = sourcecode.c.h; path = CMAPICredentials.h; sourceTree = "<group>"; };
		7AD36F83146CA4AC00DD4734 /* CMAPICredentials.m */ = {isa = PBXFileReference; fileEncoding = 4; lastKnownFileType = sourcecode.c.objc; path = CMAPICredentials.m; sourceTree = "<group>"; };
		7AD36F86146CAE0600DD4734 /* CMUserCredentials.h */ = {isa = PBXFileReference; fileEncoding = 4; lastKnownFileType = sourcecode.c.h; path = CMUserCredentials.h; sourceTree = "<group>"; };
		7AD36F87146CAE0700DD4734 /* CMUserCredentials.m */ = {isa = PBXFileReference; fileEncoding = 4; lastKnownFileType = sourcecode.c.objc; path = CMUserCredentials.m; sourceTree = "<group>"; };
		7AD36F8B146CB6A600DD4734 /* NSURL+QueryParameterAdditions.h */ = {isa = PBXFileReference; fileEncoding = 4; lastKnownFileType = sourcecode.c.h; path = "NSURL+QueryParameterAdditions.h"; sourceTree = "<group>"; };
		7AD36F8C146CB6A600DD4734 /* NSURL+QueryParameterAdditions.m */ = {isa = PBXFileReference; fileEncoding = 4; lastKnownFileType = sourcecode.c.objc; path = "NSURL+QueryParameterAdditions.m"; sourceTree = "<group>"; };
		7AF6685414719FC800E2A06D /* YAJLiOS */ = {isa = PBXFileReference; lastKnownFileType = archive.ar; name = YAJLiOS; path = ios/Vendor/YAJL/YAJLiOS.framework/Versions/A/YAJLiOS; sourceTree = "<group>"; };
/* End PBXFileReference section */

/* Begin PBXFrameworksBuildPhase section */
		7AB4AB5C145DC5D8006AEF67 /* Frameworks */ = {
			isa = PBXFrameworksBuildPhase;
			buildActionMask = 2147483647;
			files = (
				7A0413DA146C5B7400EF537A /* libz.dylib in Frameworks */,
				7AF6685514719FC900E2A06D /* YAJLiOS in Frameworks */,
				7AD36F81146C656600DD4734 /* UIKit.framework in Frameworks */,
				7A0413D8146C5B7000EF537A /* CoreGraphics.framework in Frameworks */,
				7A0413D6146C5B6900EF537A /* MobileCoreServices.framework in Frameworks */,
				7A0413D4146C5B5C00EF537A /* SystemConfiguration.framework in Frameworks */,
				7A0413D2146C5B5200EF537A /* CFNetwork.framework in Frameworks */,
				7AB4AB63145DC5D8006AEF67 /* Foundation.framework in Frameworks */,
			);
			runOnlyForDeploymentPostprocessing = 0;
		};
		7AB4AB6B145DC5D8006AEF67 /* Frameworks */ = {
			isa = PBXFrameworksBuildPhase;
			buildActionMask = 2147483647;
			files = (
				7A308A4C14799471008ADD3C /* libKiwi.a in Frameworks */,
				7A308A3C14798F29008ADD3C /* libz.dylib in Frameworks */,
				7A308A3B14798F1D008ADD3C /* CFNetwork.framework in Frameworks */,
				7A308A3A14798F19008ADD3C /* CoreGraphics.framework in Frameworks */,
				7A308A3914798F12008ADD3C /* SystemConfiguration.framework in Frameworks */,
				7A308A3814798F0E008ADD3C /* MobileCoreServices.framework in Frameworks */,
				7A308A3714798EFD008ADD3C /* UIKit.framework in Frameworks */,
				7AB4AB71145DC5D8006AEF67 /* SenTestingKit.framework in Frameworks */,
				7AB4AB74145DC5D8006AEF67 /* Foundation.framework in Frameworks */,
				7AB4AB77145DC5D8006AEF67 /* libcloudmine.a in Frameworks */,
			);
			runOnlyForDeploymentPostprocessing = 0;
		};
/* End PBXFrameworksBuildPhase section */

/* Begin PBXGroup section */
		7A04139F146C5B3A00EF537A /* Vendor */ = {
			isa = PBXGroup;
			children = (
				7AD36F72146C623B00DD4734 /* YAJL */,
				7A0413A0146C5B3A00EF537A /* ASIHTTPRequest */,
			);
			path = Vendor;
			sourceTree = "<group>";
		};
		7A0413A0146C5B3A00EF537A /* ASIHTTPRequest */ = {
			isa = PBXGroup;
			children = (
				7A0413A1146C5B3A00EF537A /* ASIAuthenticationDialog.h */,
				7A0413A2146C5B3A00EF537A /* ASIAuthenticationDialog.m */,
				7A0413A3146C5B3A00EF537A /* ASICacheDelegate.h */,
				7A0413A4146C5B3A00EF537A /* ASIDataCompressor.h */,
				7A0413A5146C5B3A00EF537A /* ASIDataCompressor.m */,
				7A0413A6146C5B3A00EF537A /* ASIDataDecompressor.h */,
				7A0413A7146C5B3A00EF537A /* ASIDataDecompressor.m */,
				7A0413A8146C5B3A00EF537A /* ASIDownloadCache.h */,
				7A0413A9146C5B3A00EF537A /* ASIDownloadCache.m */,
				7A0413AA146C5B3A00EF537A /* ASIFormDataRequest.h */,
				7A0413AB146C5B3A00EF537A /* ASIFormDataRequest.m */,
				7A0413AC146C5B3A00EF537A /* ASIHTTPRequest.h */,
				7A0413AD146C5B3A00EF537A /* ASIHTTPRequest.m */,
				7A0413AE146C5B3A00EF537A /* ASIHTTPRequestConfig.h */,
				7A0413AF146C5B3A00EF537A /* ASIHTTPRequestDelegate.h */,
				7A0413B0146C5B3A00EF537A /* ASIInputStream.h */,
				7A0413B1146C5B3A00EF537A /* ASIInputStream.m */,
				7A0413B2146C5B3A00EF537A /* ASINetworkQueue.h */,
				7A0413B3146C5B3A00EF537A /* ASINetworkQueue.m */,
				7A0413B4146C5B3A00EF537A /* ASIProgressDelegate.h */,
				7A0413B5146C5B3A00EF537A /* External */,
				7A0413B9146C5B3A00EF537A /* LICENSE */,
			);
			path = ASIHTTPRequest;
			sourceTree = "<group>";
		};
		7A0413B5146C5B3A00EF537A /* External */ = {
			isa = PBXGroup;
			children = (
				7A0413B6146C5B3A00EF537A /* Reachability */,
			);
			path = External;
			sourceTree = "<group>";
		};
		7A0413B6146C5B3A00EF537A /* Reachability */ = {
			isa = PBXGroup;
			children = (
				7A0413B7146C5B3A00EF537A /* Reachability.h */,
				7A0413B8146C5B3A00EF537A /* Reachability.m */,
			);
			path = Reachability;
			sourceTree = "<group>";
		};
		7A0DB1B8147B0153007F482C /* Support */ = {
			isa = PBXGroup;
			children = (
				7A0DB1BA147B016B007F482C /* CMBlockValidationMessageSpy.h */,
				7A0DB1BB147B016B007F482C /* CMBlockValidationMessageSpy.m */,
				7A6B800F14871E3700D8B211 /* CMGenericSerializableObject.h */,
				7A6B801014871E3700D8B211 /* CMGenericSerializableObject.m */,
			);
			path = Support;
			sourceTree = "<group>";
		};
		7AABA2FA14818DCA00FD52A0 /* Decoding */ = {
			isa = PBXGroup;
			children = (
				7AABA2FB14818DCA00FD52A0 /* CMObjectDecoder.h */,
				7AABA2FC14818DCA00FD52A0 /* CMObjectDecoder.m */,
			);
			path = Decoding;
			sourceTree = "<group>";
		};
		7AABA2FD14818DCA00FD52A0 /* Encoding */ = {
			isa = PBXGroup;
			children = (
				7AABA2FE14818DCA00FD52A0 /* CMObjectEncoder.h */,
				7AABA2FF14818DCA00FD52A0 /* CMObjectEncoder.m */,
				7AABA30414818E2A00FD52A0 /* CMJSONEncoder.h */,
				7AABA30514818E2A00FD52A0 /* CMJSONEncoder.m */,
			);
			path = Encoding;
			sourceTree = "<group>";
		};
		7AB4AB54145DC5D8006AEF67 = {
			isa = PBXGroup;
			children = (
				7AB4AB64145DC5D8006AEF67 /* ios */,
				7AB4AB78145DC5D8006AEF67 /* iosTests */,
				7AB4AB61145DC5D8006AEF67 /* Frameworks */,
				7AB4AB60145DC5D8006AEF67 /* Products */,
			);
			sourceTree = "<group>";
		};
		7AB4AB60145DC5D8006AEF67 /* Products */ = {
			isa = PBXGroup;
			children = (
				7AB4AB5F145DC5D8006AEF67 /* libcloudmine.a */,
				7AB4AB6F145DC5D8006AEF67 /* cloudmine-iosTests.octest */,
			);
			name = Products;
			sourceTree = "<group>";
		};
		7AB4AB61145DC5D8006AEF67 /* Frameworks */ = {
			isa = PBXGroup;
			children = (
				7A308A4B14799471008ADD3C /* libKiwi.a */,
				7AF6685414719FC800E2A06D /* YAJLiOS */,
				7AD36F80146C656600DD4734 /* UIKit.framework */,
				7A0413D9146C5B7400EF537A /* libz.dylib */,
				7A0413D7146C5B7000EF537A /* CoreGraphics.framework */,
				7A0413D5146C5B6900EF537A /* MobileCoreServices.framework */,
				7A0413D3146C5B5C00EF537A /* SystemConfiguration.framework */,
				7A0413D1146C5B5200EF537A /* CFNetwork.framework */,
				7AB4AB62145DC5D8006AEF67 /* Foundation.framework */,
				7AB4AB70145DC5D8006AEF67 /* SenTestingKit.framework */,
			);
			name = Frameworks;
			sourceTree = "<group>";
		};
		7AB4AB64145DC5D8006AEF67 /* ios */ = {
			isa = PBXGroup;
			children = (
				7AD36F76146C642900DD4734 /* src */,
				7A04139F146C5B3A00EF537A /* Vendor */,
				7AB4AB65145DC5D8006AEF67 /* Supporting Files */,
			);
			path = ios;
			sourceTree = "<group>";
		};
		7AB4AB65145DC5D8006AEF67 /* Supporting Files */ = {
			isa = PBXGroup;
			children = (
				7AB4AB66145DC5D8006AEF67 /* cloudmine-ios-Prefix.pch */,
			);
			name = "Supporting Files";
			sourceTree = "<group>";
		};
		7AB4AB78145DC5D8006AEF67 /* iosTests */ = {
			isa = PBXGroup;
			children = (
				7A308A4314799134008ADD3C /* CMWebServiceSpec.m */,
				7A04E86E147D90F5006E00AB /* CMServerFunctionSpec.m */,
				7AABA2E41480549A00FD52A0 /* CMObjectEncoderSpec.m */,
				7A6B800C14871BCA00D8B211 /* CMObjectDecoderSpec.m */,
				7A0DB1B8147B0153007F482C /* Support */,
				7AB4AB79145DC5D8006AEF67 /* Supporting Files */,
			);
			path = iosTests;
			sourceTree = "<group>";
		};
		7AB4AB79145DC5D8006AEF67 /* Supporting Files */ = {
			isa = PBXGroup;
			children = (
				7AB4AB7A145DC5D8006AEF67 /* cloudmine-iosTests-Info.plist */,
				7AB4AB7B145DC5D8006AEF67 /* InfoPlist.strings */,
			);
			name = "Supporting Files";
			sourceTree = "<group>";
		};
		7AD36F72146C623B00DD4734 /* YAJL */ = {
			isa = PBXGroup;
			children = (
				7AD36F73146C623B00DD4734 /* LICENSE */,
				7AD36F74146C623B00DD4734 /* YAJLiOS.framework */,
			);
			path = YAJL;
			sourceTree = "<group>";
		};
		7AD36F76146C642900DD4734 /* src */ = {
			isa = PBXGroup;
			children = (
				7AD36F77146C643E00DD4734 /* CMObject.h */,
				7AD36F78146C643E00DD4734 /* CMObject.m */,
				7AD36F8A146CB69000DD4734 /* Extensions */,
				7AD36F7B146C64F300DD4734 /* Web Services */,
			);
			path = src;
			sourceTree = "<group>";
		};
		7AD36F7B146C64F300DD4734 /* Web Services */ = {
			isa = PBXGroup;
			children = (
				7AABA2FA14818DCA00FD52A0 /* Decoding */,
				7AABA2FD14818DCA00FD52A0 /* Encoding */,
				7AD36F7C146C650500DD4734 /* CMWebService.h */,
				7AD36F7D146C650500DD4734 /* CMWebService.m */,
				7AD36F86146CAE0600DD4734 /* CMUserCredentials.h */,
				7AD36F87146CAE0700DD4734 /* CMUserCredentials.m */,
				7AD36F82146CA4AC00DD4734 /* CMAPICredentials.h */,
				7AD36F83146CA4AC00DD4734 /* CMAPICredentials.m */,
				7A04E869147D8435006E00AB /* CMServerFunction.h */,
				7A04E86A147D8435006E00AB /* CMServerFunction.m */,
				7AABA2E21480513500FD52A0 /* CMSerializable.h */,
				7A7EDBD9148EBE3800AB5B69 /* CMObjectSerialization.h */,
			);
			path = "Web Services";
			sourceTree = "<group>";
		};
		7AD36F8A146CB69000DD4734 /* Extensions */ = {
			isa = PBXGroup;
			children = (
				7AD36F8B146CB6A600DD4734 /* NSURL+QueryParameterAdditions.h */,
				7AD36F8C146CB6A600DD4734 /* NSURL+QueryParameterAdditions.m */,
				7AABA2E61480598300FD52A0 /* NSString+UUID.h */,
				7AABA2E71480598300FD52A0 /* NSString+UUID.m */,
			);
			path = Extensions;
			sourceTree = "<group>";
		};
/* End PBXGroup section */

/* Begin PBXHeadersBuildPhase section */
		7AB4AB5D145DC5D8006AEF67 /* Headers */ = {
			isa = PBXHeadersBuildPhase;
			buildActionMask = 2147483647;
			files = (
				7A0413BA146C5B3A00EF537A /* ASIAuthenticationDialog.h in Headers */,
				7A0413BC146C5B3A00EF537A /* ASICacheDelegate.h in Headers */,
				7A0413BD146C5B3A00EF537A /* ASIDataCompressor.h in Headers */,
				7A0413BF146C5B3A00EF537A /* ASIDataDecompressor.h in Headers */,
				7A0413C1146C5B3A00EF537A /* ASIDownloadCache.h in Headers */,
				7A0413C3146C5B3A00EF537A /* ASIFormDataRequest.h in Headers */,
				7A0413C5146C5B3A00EF537A /* ASIHTTPRequest.h in Headers */,
				7A0413C7146C5B3A00EF537A /* ASIHTTPRequestConfig.h in Headers */,
				7A0413C8146C5B3A00EF537A /* ASIHTTPRequestDelegate.h in Headers */,
				7A0413C9146C5B3A00EF537A /* ASIInputStream.h in Headers */,
				7A0413CB146C5B3A00EF537A /* ASINetworkQueue.h in Headers */,
				7A0413CD146C5B3A00EF537A /* ASIProgressDelegate.h in Headers */,
				7A0413CE146C5B3A00EF537A /* Reachability.h in Headers */,
				7AD36F79146C643E00DD4734 /* CMObject.h in Headers */,
				7AD36F7E146C650500DD4734 /* CMWebService.h in Headers */,
				7AD36F84146CA4AC00DD4734 /* CMAPICredentials.h in Headers */,
				7AD36F88146CAE0700DD4734 /* CMUserCredentials.h in Headers */,
				7AD36F8D146CB6A600DD4734 /* NSURL+QueryParameterAdditions.h in Headers */,
				7A04E86B147D8435006E00AB /* CMServerFunction.h in Headers */,
				7AABA2E31480513500FD52A0 /* CMSerializable.h in Headers */,
				7AABA2E81480598300FD52A0 /* NSString+UUID.h in Headers */,
				7AABA30014818DCA00FD52A0 /* CMObjectDecoder.h in Headers */,
				7AABA30214818DCA00FD52A0 /* CMObjectEncoder.h in Headers */,
				7AABA30614818E2A00FD52A0 /* CMJSONEncoder.h in Headers */,
				7A7EDBDA148EBE3800AB5B69 /* CMObjectSerialization.h in Headers */,
			);
			runOnlyForDeploymentPostprocessing = 0;
		};
/* End PBXHeadersBuildPhase section */

/* Begin PBXNativeTarget section */
		7AB4AB5E145DC5D8006AEF67 /* cloudmine-ios */ = {
			isa = PBXNativeTarget;
			buildConfigurationList = 7AB4AB83145DC5D8006AEF67 /* Build configuration list for PBXNativeTarget "cloudmine-ios" */;
			buildPhases = (
				7AB4AB5B145DC5D8006AEF67 /* Sources */,
				7AB4AB5C145DC5D8006AEF67 /* Frameworks */,
				7AB4AB5D145DC5D8006AEF67 /* Headers */,
				7AF6684A1471960B00E2A06D /* ShellScript */,
			);
			buildRules = (
			);
			dependencies = (
			);
			name = "cloudmine-ios";
			productName = ios;
			productReference = 7AB4AB5F145DC5D8006AEF67 /* libcloudmine.a */;
			productType = "com.apple.product-type.library.static";
		};
		7AB4AB6E145DC5D8006AEF67 /* cloudmine-iosTests */ = {
			isa = PBXNativeTarget;
			buildConfigurationList = 7AB4AB86145DC5D8006AEF67 /* Build configuration list for PBXNativeTarget "cloudmine-iosTests" */;
			buildPhases = (
				7AB4AB6A145DC5D8006AEF67 /* Sources */,
				7AB4AB6B145DC5D8006AEF67 /* Frameworks */,
				7AB4AB6C145DC5D8006AEF67 /* Resources */,
				7AB4AB6D145DC5D8006AEF67 /* ShellScript */,
			);
			buildRules = (
			);
			dependencies = (
				7AB4AB76145DC5D8006AEF67 /* PBXTargetDependency */,
			);
			name = "cloudmine-iosTests";
			productName = iosTests;
			productReference = 7AB4AB6F145DC5D8006AEF67 /* cloudmine-iosTests.octest */;
			productType = "com.apple.product-type.bundle";
		};
/* End PBXNativeTarget section */

/* Begin PBXProject section */
		7AB4AB56145DC5D8006AEF67 /* Project object */ = {
			isa = PBXProject;
			attributes = {
				LastUpgradeCheck = 0420;
				ORGANIZATIONNAME = "CloudMine, LLC";
			};
			buildConfigurationList = 7AB4AB59145DC5D8006AEF67 /* Build configuration list for PBXProject "cloudmine-ios" */;
			compatibilityVersion = "Xcode 3.2";
			developmentRegion = English;
			hasScannedForEncodings = 0;
			knownRegions = (
				en,
			);
			mainGroup = 7AB4AB54145DC5D8006AEF67;
			productRefGroup = 7AB4AB60145DC5D8006AEF67 /* Products */;
			projectDirPath = "";
			projectRoot = "";
			targets = (
				7AB4AB5E145DC5D8006AEF67 /* cloudmine-ios */,
				7AB4AB6E145DC5D8006AEF67 /* cloudmine-iosTests */,
			);
		};
/* End PBXProject section */

/* Begin PBXResourcesBuildPhase section */
		7AB4AB6C145DC5D8006AEF67 /* Resources */ = {
			isa = PBXResourcesBuildPhase;
			buildActionMask = 2147483647;
			files = (
				7AB4AB7D145DC5D8006AEF67 /* InfoPlist.strings in Resources */,
			);
			runOnlyForDeploymentPostprocessing = 0;
		};
/* End PBXResourcesBuildPhase section */

/* Begin PBXShellScriptBuildPhase section */
		7AB4AB6D145DC5D8006AEF67 /* ShellScript */ = {
			isa = PBXShellScriptBuildPhase;
			buildActionMask = 2147483647;
			files = (
			);
			inputPaths = (
			);
			outputPaths = (
			);
			runOnlyForDeploymentPostprocessing = 0;
			shellPath = /bin/sh;
			shellScript = "# Run the unit tests in this test bundle.\n\"${SYSTEM_DEVELOPER_DIR}/Tools/RunUnitTests\"\n";
		};
		7AF6684A1471960B00E2A06D /* ShellScript */ = {
			isa = PBXShellScriptBuildPhase;
			buildActionMask = 2147483647;
			files = (
			);
			inputPaths = (
			);
			outputPaths = (
			);
			runOnlyForDeploymentPostprocessing = 0;
			shellPath = /bin/bash;
			shellScript = "# Version 2.0 (updated for Xcode 4, with some fixes)\n# Changes:\n#    - Works with xcode 4, even when running xcode 3 projects (Workarounds for apple bugs)\n#    - Faster / better: only runs lipo once, instead of once per recursion\n#    - Added some debugging statemetns that can be switched on/off by changing the DEBUG_THIS_SCRIPT variable to \"true\"\n#    - Fixed some typos\n# \n# Purpose:\n#   Create a static library for iPhone from within XCode\n#   Because Apple staff DELIBERATELY broke Xcode to make this impossible from the GUI (Xcode 3.2.3 specifically states this in the Release notes!)\n#   ...no, I don't understand why they did this!\n#\n# Author: Adam Martin - http://twitter.com/redglassesapps\n# Based on: original script from Eonil (main changes: Eonil's script WILL NOT WORK in Xcode GUI - it WILL CRASH YOUR COMPUTER)\n#\n# More info: see this Stack Overflow question: http://stackoverflow.com/questions/3520977/build-fat-static-library-device-simulator-using-xcode-and-sdk-4\n#################[ Tests: helps workaround any future bugs in Xcode ]########\n#\nDEBUG_THIS_SCRIPT=\"false\"\nif [ $DEBUG_THIS_SCRIPT = \"true\" ]\nthen\necho \"########### TESTS #############\"\necho \"Use the following variables when debugging this script; note that they may change on recursions\"\necho \"BUILD_DIR = $BUILD_DIR\"\necho \"BUILD_ROOT = $BUILD_ROOT\"\necho \"CONFIGURATION_BUILD_DIR = $CONFIGURATION_BUILD_DIR\"\necho \"BUILT_PRODUCTS_DIR = $BUILT_PRODUCTS_DIR\"\necho \"CONFIGURATION_TEMP_DIR = $CONFIGURATION_TEMP_DIR\"\necho \"TARGET_BUILD_DIR = $TARGET_BUILD_DIR\"\nfi\n#####################[ part 1 ]##################\n# First, work out the BASESDK version number (NB: Apple ought to report this, but they hide it)\n#    (incidental: searching for substrings in sh is a nightmare! Sob)\nSDK_VERSION=$(echo ${SDK_NAME} | grep -o '.\\{3\\}$')\n# Next, work out if we're in SIM or DEVICE\nif [ ${PLATFORM_NAME} = \"iphonesimulator\" ]\nthen\nOTHER_SDK_TO_BUILD=iphoneos${SDK_VERSION}\nelse\nOTHER_SDK_TO_BUILD=iphonesimulator${SDK_VERSION}\nfi\necho \"XCode has selected SDK: ${PLATFORM_NAME} with version: ${SDK_VERSION} (although back-targetting: ${IPHONEOS_DEPLOYMENT_TARGET})\"\necho \"...therefore, OTHER_SDK_TO_BUILD = ${OTHER_SDK_TO_BUILD}\"\n#\n#####################[ end of part 1 ]##################\n#####################[ part 2 ]##################\n#\n# IF this is the original invocation, invoke WHATEVER other builds are required\n#\n# Xcode is already building ONE target...\n#\n# ...but this is a LIBRARY, so Apple is wrong to set it to build just one.\n# ...we need to build ALL targets\n# ...we MUST NOT re-build the target that is ALREADY being built: Xcode WILL CRASH YOUR COMPUTER if you try this (infinite recursion!)\n#\n#\n# So: build ONLY the missing platforms/configurations.\nif [ \"true\" == ${ALREADYINVOKED:-false} ]\nthen\necho \"RECURSION: I am NOT the root invocation, so I'm NOT going to recurse\"\nelse\n# CRITICAL:\n# Prevent infinite recursion (Xcode sucks)\nexport ALREADYINVOKED=\"true\"\necho \"RECURSION: I am the root ... recursing all missing build targets NOW...\"\necho \"RECURSION: ...about to invoke: xcodebuild -configuration \\\"${CONFIGURATION}\\\" -target \\\"${TARGET_NAME}\\\" -sdk \\\"${OTHER_SDK_TO_BUILD}\\\" ${ACTION} RUN_CLANG_STATIC_ANALYZER=NO\"\nxcodebuild -configuration \"${CONFIGURATION}\" -target \"${TARGET_NAME}\" -sdk \"${OTHER_SDK_TO_BUILD}\" ${ACTION} RUN_CLANG_STATIC_ANALYZER=NO BUILD_DIR=\"${BUILD_DIR}\" BUILD_ROOT=\"${BUILD_ROOT}\"\nACTION=\"build\"\n#Merge all platform binaries as a fat binary for each configurations.\n# Calculate where the (multiple) built files are coming from:\nCURRENTCONFIG_DEVICE_DIR=${SYMROOT}/${CONFIGURATION}-iphoneos\nCURRENTCONFIG_SIMULATOR_DIR=${SYMROOT}/${CONFIGURATION}-iphonesimulator\necho \"Taking device build from: ${CURRENTCONFIG_DEVICE_DIR}\"\necho \"Taking simulator build from: ${CURRENTCONFIG_SIMULATOR_DIR}\"\nCREATING_UNIVERSAL_DIR=${SYMROOT}/${CONFIGURATION}-universal\necho \"...I will output a universal build to: ${CREATING_UNIVERSAL_DIR}\"\n# ... remove the products of previous runs of this script\n#      NB: this directory is ONLY created by this script - it should be safe to delete!\nrm -rf \"${CREATING_UNIVERSAL_DIR}\"\nmkdir \"${CREATING_UNIVERSAL_DIR}\"\n#\necho \"lipo: for current configuration (${CONFIGURATION}) creating output file: ${CREATING_UNIVERSAL_DIR}/${EXECUTABLE_NAME}\"\nlipo -create -output \"${CREATING_UNIVERSAL_DIR}/${EXECUTABLE_NAME}\" \"${CURRENTCONFIG_DEVICE_DIR}/${EXECUTABLE_NAME}\" \"${CURRENTCONFIG_SIMULATOR_DIR}/${EXECUTABLE_NAME}\"\n#########\n#\n# Added: StackOverflow suggestion to also copy \"include\" files\n#    (untested, but should work OK)\n#\nif [ -d \"${CURRENTCONFIG_DEVICE_DIR}/usr/local/include\" ]\nthen\nmkdir -p \"${CREATING_UNIVERSAL_DIR}/usr/local/include\"\n# * needs to be outside the double quotes?\ncp \"${CURRENTCONFIG_DEVICE_DIR}/usr/local/include/\"* \"${CREATING_UNIVERSAL_DIR}/usr/local/include\"\nfi\nfi\n";
		};
/* End PBXShellScriptBuildPhase section */

/* Begin PBXSourcesBuildPhase section */
		7AB4AB5B145DC5D8006AEF67 /* Sources */ = {
			isa = PBXSourcesBuildPhase;
			buildActionMask = 2147483647;
			files = (
				7A0413BB146C5B3A00EF537A /* ASIAuthenticationDialog.m in Sources */,
				7A0413BE146C5B3A00EF537A /* ASIDataCompressor.m in Sources */,
				7A0413C0146C5B3A00EF537A /* ASIDataDecompressor.m in Sources */,
				7A0413C2146C5B3A00EF537A /* ASIDownloadCache.m in Sources */,
				7A0413C4146C5B3A00EF537A /* ASIFormDataRequest.m in Sources */,
				7A0413C6146C5B3A00EF537A /* ASIHTTPRequest.m in Sources */,
				7A0413CA146C5B3A00EF537A /* ASIInputStream.m in Sources */,
				7A0413CC146C5B3A00EF537A /* ASINetworkQueue.m in Sources */,
				7A0413CF146C5B3A00EF537A /* Reachability.m in Sources */,
				7AD36F7A146C643E00DD4734 /* CMObject.m in Sources */,
				7AD36F7F146C650500DD4734 /* CMWebService.m in Sources */,
				7AD36F85146CA4AC00DD4734 /* CMAPICredentials.m in Sources */,
				7AD36F89146CAE0700DD4734 /* CMUserCredentials.m in Sources */,
				7AD36F8E146CB6A600DD4734 /* NSURL+QueryParameterAdditions.m in Sources */,
				7A04E86C147D8435006E00AB /* CMServerFunction.m in Sources */,
				7AABA2E91480598300FD52A0 /* NSString+UUID.m in Sources */,
				7AABA30114818DCA00FD52A0 /* CMObjectDecoder.m in Sources */,
				7AABA30314818DCA00FD52A0 /* CMObjectEncoder.m in Sources */,
				7AABA30714818E2A00FD52A0 /* CMJSONEncoder.m in Sources */,
			);
			runOnlyForDeploymentPostprocessing = 0;
		};
		7AB4AB6A145DC5D8006AEF67 /* Sources */ = {
			isa = PBXSourcesBuildPhase;
			buildActionMask = 2147483647;
			files = (
				7A308A4414799134008ADD3C /* CMWebServiceSpec.m in Sources */,
				7A0DB1BC147B016B007F482C /* CMBlockValidationMessageSpy.m in Sources */,
				7A04E86F147D90F5006E00AB /* CMServerFunctionSpec.m in Sources */,
				7AABA2E51480549A00FD52A0 /* CMObjectEncoderSpec.m in Sources */,
				7A6B800D14871BCA00D8B211 /* CMObjectDecoderSpec.m in Sources */,
				7A6B801114871E3700D8B211 /* CMGenericSerializableObject.m in Sources */,
			);
			runOnlyForDeploymentPostprocessing = 0;
		};
/* End PBXSourcesBuildPhase section */

/* Begin PBXTargetDependency section */
		7AB4AB76145DC5D8006AEF67 /* PBXTargetDependency */ = {
			isa = PBXTargetDependency;
			target = 7AB4AB5E145DC5D8006AEF67 /* cloudmine-ios */;
			targetProxy = 7AB4AB75145DC5D8006AEF67 /* PBXContainerItemProxy */;
		};
/* End PBXTargetDependency section */

/* Begin PBXVariantGroup section */
		7AB4AB7B145DC5D8006AEF67 /* InfoPlist.strings */ = {
			isa = PBXVariantGroup;
			children = (
				7AB4AB7C145DC5D8006AEF67 /* en */,
			);
			name = InfoPlist.strings;
			sourceTree = "<group>";
		};
/* End PBXVariantGroup section */

/* Begin XCBuildConfiguration section */
		7AB4AB81145DC5D8006AEF67 /* Debug */ = {
			isa = XCBuildConfiguration;
			buildSettings = {
				ALWAYS_SEARCH_USER_PATHS = NO;
				ARCHS = "$(ARCHS_STANDARD_32_BIT)";
				CLANG_ENABLE_OBJC_ARC = YES;
				COPY_PHASE_STRIP = NO;
				GCC_C_LANGUAGE_STANDARD = gnu99;
				GCC_DYNAMIC_NO_PIC = NO;
				GCC_OPTIMIZATION_LEVEL = 0;
				GCC_PREPROCESSOR_DEFINITIONS = (
					"DEBUG=1",
					"$(inherited)",
				);
				GCC_SYMBOLS_PRIVATE_EXTERN = NO;
				GCC_VERSION = com.apple.compilers.llvm.clang.1_0;
				GCC_WARN_ABOUT_MISSING_PROTOTYPES = YES;
				GCC_WARN_ABOUT_RETURN_TYPE = YES;
				GCC_WARN_UNUSED_VARIABLE = YES;
				IPHONEOS_DEPLOYMENT_TARGET = 5.0;
				OTHER_LDFLAGS = "-all_load";
				SDKROOT = iphoneos;
			};
			name = Debug;
		};
		7AB4AB82145DC5D8006AEF67 /* Release */ = {
			isa = XCBuildConfiguration;
			buildSettings = {
				ALWAYS_SEARCH_USER_PATHS = NO;
				ARCHS = "$(ARCHS_STANDARD_32_BIT)";
				CLANG_ENABLE_OBJC_ARC = YES;
				COPY_PHASE_STRIP = YES;
				GCC_C_LANGUAGE_STANDARD = gnu99;
				GCC_VERSION = com.apple.compilers.llvm.clang.1_0;
				GCC_WARN_ABOUT_MISSING_PROTOTYPES = YES;
				GCC_WARN_ABOUT_RETURN_TYPE = YES;
				GCC_WARN_UNUSED_VARIABLE = YES;
				IPHONEOS_DEPLOYMENT_TARGET = 5.0;
				OTHER_LDFLAGS = "-all_load";
				SDKROOT = iphoneos;
				VALIDATE_PRODUCT = YES;
			};
			name = Release;
		};
		7AB4AB84145DC5D8006AEF67 /* Debug */ = {
			isa = XCBuildConfiguration;
			buildSettings = {
				DSTROOT = /tmp/ios.dst;
				FRAMEWORK_SEARCH_PATHS = (
					"$(inherited)",
					"\"$(SRCROOT)/ios/Vendor/YAJL\"",
				);
				GCC_PRECOMPILE_PREFIX_HEADER = YES;
				GCC_PREFIX_HEADER = "ios/cloudmine-ios-Prefix.pch";
				LIBRARY_SEARCH_PATHS = (
					"$(inherited)",
					"\"$(SRCROOT)/ios/Vendor/YAJL/YAJLiOS.framework/Versions/A\"",
				);
				OTHER_LDFLAGS = (
					"$(inherited)",
					"-ObjC",
				);
				PRODUCT_NAME = cloudmine;
				SKIP_INSTALL = YES;
			};
			name = Debug;
		};
		7AB4AB85145DC5D8006AEF67 /* Release */ = {
			isa = XCBuildConfiguration;
			buildSettings = {
				DSTROOT = /tmp/ios.dst;
				FRAMEWORK_SEARCH_PATHS = (
					"$(inherited)",
					"\"$(SRCROOT)/ios/Vendor/YAJL\"",
				);
				GCC_PRECOMPILE_PREFIX_HEADER = YES;
				GCC_PREFIX_HEADER = "ios/cloudmine-ios-Prefix.pch";
				LIBRARY_SEARCH_PATHS = (
					"$(inherited)",
					"\"$(SRCROOT)/ios/Vendor/YAJL/YAJLiOS.framework/Versions/A\"",
				);
				OTHER_LDFLAGS = (
					"$(inherited)",
					"-ObjC",
				);
				PRODUCT_NAME = cloudmine;
				SKIP_INSTALL = YES;
			};
			name = Release;
		};
		7AB4AB87145DC5D8006AEF67 /* Debug */ = {
			isa = XCBuildConfiguration;
			buildSettings = {
				ALWAYS_SEARCH_USER_PATHS = YES;
				FRAMEWORK_SEARCH_PATHS = (
					"$(SDKROOT)/Developer/Library/Frameworks",
					"$(DEVELOPER_LIBRARY_DIR)/Frameworks",
					"\"$(SRCROOT)/ios/Vendor/YAJL\"",
				);
				GCC_PRECOMPILE_PREFIX_HEADER = YES;
				GCC_PREFIX_HEADER = "ios/cloudmine-ios-Prefix.pch";
				INFOPLIST_FILE = "iosTests/cloudmine-iosTests-Info.plist";
				LIBRARY_SEARCH_PATHS = (
					"$(inherited)",
					"$(SRCROOT)/kiwi/build/Debug-iphonesimulator",
					"\"$(SRCROOT)/ios/Vendor/YAJL/YAJLiOS.framework/Versions/A\"",
				);
				PRODUCT_NAME = "cloudmine-iosTests";
				USER_HEADER_SEARCH_PATHS = "$(SRCROOT)/kiwi/Kiwi";
				WRAPPER_EXTENSION = octest;
			};
			name = Debug;
		};
		7AB4AB88145DC5D8006AEF67 /* Release */ = {
			isa = XCBuildConfiguration;
			buildSettings = {
				ALWAYS_SEARCH_USER_PATHS = YES;
				FRAMEWORK_SEARCH_PATHS = (
					"$(SDKROOT)/Developer/Library/Frameworks",
					"$(DEVELOPER_LIBRARY_DIR)/Frameworks",
					"\"$(SRCROOT)/ios/Vendor/YAJL\"",
				);
				GCC_PRECOMPILE_PREFIX_HEADER = YES;
				GCC_PREFIX_HEADER = "ios/cloudmine-ios-Prefix.pch";
				INFOPLIST_FILE = "iosTests/cloudmine-iosTests-Info.plist";
				LIBRARY_SEARCH_PATHS = (
					"$(inherited)",
					"$(SRCROOT)/kiwi/build/Debug-iphonesimulator",
					"\"$(SRCROOT)/ios/Vendor/YAJL/YAJLiOS.framework/Versions/A\"",
				);
				PRODUCT_NAME = "cloudmine-iosTests";
				USER_HEADER_SEARCH_PATHS = "$(SRCROOT)/kiwi/Kiwi";
				WRAPPER_EXTENSION = octest;
			};
			name = Release;
		};
/* End XCBuildConfiguration section */

/* Begin XCConfigurationList section */
		7AB4AB59145DC5D8006AEF67 /* Build configuration list for PBXProject "cloudmine-ios" */ = {
			isa = XCConfigurationList;
			buildConfigurations = (
				7AB4AB81145DC5D8006AEF67 /* Debug */,
				7AB4AB82145DC5D8006AEF67 /* Release */,
			);
			defaultConfigurationIsVisible = 0;
			defaultConfigurationName = Release;
		};
		7AB4AB83145DC5D8006AEF67 /* Build configuration list for PBXNativeTarget "cloudmine-ios" */ = {
			isa = XCConfigurationList;
			buildConfigurations = (
				7AB4AB84145DC5D8006AEF67 /* Debug */,
				7AB4AB85145DC5D8006AEF67 /* Release */,
			);
			defaultConfigurationIsVisible = 0;
			defaultConfigurationName = Release;
		};
		7AB4AB86145DC5D8006AEF67 /* Build configuration list for PBXNativeTarget "cloudmine-iosTests" */ = {
			isa = XCConfigurationList;
			buildConfigurations = (
				7AB4AB87145DC5D8006AEF67 /* Debug */,
				7AB4AB88145DC5D8006AEF67 /* Release */,
			);
			defaultConfigurationIsVisible = 0;
			defaultConfigurationName = Release;
		};
/* End XCConfigurationList section */
	};
	rootObject = 7AB4AB56145DC5D8006AEF67 /* Project object */;
}
