// !$*UTF8*$!
{
	archiveVersion = 1;
	classes = {
	};
	objectVersion = 46;
	objects = {

/* Begin PBXBuildFile section */
		7A041366146C579A00EF537A /* UIKit.framework in Frameworks */ = {isa = PBXBuildFile; fileRef = 7A041365146C579A00EF537A /* UIKit.framework */; };
		7A041368146C579A00EF537A /* Foundation.framework in Frameworks */ = {isa = PBXBuildFile; fileRef = 7A041367146C579A00EF537A /* Foundation.framework */; };
		7A04136A146C579A00EF537A /* CoreGraphics.framework in Frameworks */ = {isa = PBXBuildFile; fileRef = 7A041369146C579A00EF537A /* CoreGraphics.framework */; };
		7A041370146C579A00EF537A /* InfoPlist.strings in Resources */ = {isa = PBXBuildFile; fileRef = 7A04136E146C579A00EF537A /* InfoPlist.strings */; };
		7A041372146C579A00EF537A /* main.m in Sources */ = {isa = PBXBuildFile; fileRef = 7A041371146C579A00EF537A /* main.m */; };
		7A041376146C579A00EF537A /* CMAppDelegate.m in Sources */ = {isa = PBXBuildFile; fileRef = 7A041375146C579A00EF537A /* CMAppDelegate.m */; };
		7A041379146C579A00EF537A /* MainStoryboard.storyboard in Resources */ = {isa = PBXBuildFile; fileRef = 7A041377146C579A00EF537A /* MainStoryboard.storyboard */; };
		7A04137C146C579A00EF537A /* CMMasterViewController.m in Sources */ = {isa = PBXBuildFile; fileRef = 7A04137B146C579A00EF537A /* CMMasterViewController.m */; };
		7A04137F146C579A00EF537A /* CMDetailViewController.m in Sources */ = {isa = PBXBuildFile; fileRef = 7A04137E146C579A00EF537A /* CMDetailViewController.m */; };
		7A041387146C579A00EF537A /* SenTestingKit.framework in Frameworks */ = {isa = PBXBuildFile; fileRef = 7A041386146C579A00EF537A /* SenTestingKit.framework */; };
		7A041388146C579A00EF537A /* UIKit.framework in Frameworks */ = {isa = PBXBuildFile; fileRef = 7A041365146C579A00EF537A /* UIKit.framework */; };
		7A041389146C579A00EF537A /* Foundation.framework in Frameworks */ = {isa = PBXBuildFile; fileRef = 7A041367146C579A00EF537A /* Foundation.framework */; };
		7A041391146C579A00EF537A /* InfoPlist.strings in Resources */ = {isa = PBXBuildFile; fileRef = 7A04138F146C579A00EF537A /* InfoPlist.strings */; };
		7A041394146C579A00EF537A /* RecipesTests.m in Sources */ = {isa = PBXBuildFile; fileRef = 7A041393146C579A00EF537A /* RecipesTests.m */; };
		7A87316314BB0DD8000D6DEA /* CloudMine.framework in Frameworks */ = {isa = PBXBuildFile; fileRef = 7A87316214BB0DD8000D6DEA /* CloudMine.framework */; };
		7AF6684D1471985E00E2A06D /* CFNetwork.framework in Frameworks */ = {isa = PBXBuildFile; fileRef = 7AF6684C1471985E00E2A06D /* CFNetwork.framework */; };
		7AF6684F1471986700E2A06D /* SystemConfiguration.framework in Frameworks */ = {isa = PBXBuildFile; fileRef = 7AF6684E1471986700E2A06D /* SystemConfiguration.framework */; };
		7AF668511471987500E2A06D /* MobileCoreServices.framework in Frameworks */ = {isa = PBXBuildFile; fileRef = 7AF668501471987500E2A06D /* MobileCoreServices.framework */; };
		7AF668531471989B00E2A06D /* libz.dylib in Frameworks */ = {isa = PBXBuildFile; fileRef = 7AF668521471989B00E2A06D /* libz.dylib */; };
/* End PBXBuildFile section */

/* Begin PBXContainerItemProxy section */
		7A04138A146C579A00EF537A /* PBXContainerItemProxy */ = {
			isa = PBXContainerItemProxy;
			containerPortal = 7A041358146C579A00EF537A /* Project object */;
			proxyType = 1;
			remoteGlobalIDString = 7A041360146C579A00EF537A;
			remoteInfo = Recipes;
		};
/* End PBXContainerItemProxy section */

/* Begin PBXFileReference section */
		7A041361146C579A00EF537A /* Recipes.app */ = {isa = PBXFileReference; explicitFileType = wrapper.application; includeInIndex = 0; path = Recipes.app; sourceTree = BUILT_PRODUCTS_DIR; };
		7A041365146C579A00EF537A /* UIKit.framework */ = {isa = PBXFileReference; lastKnownFileType = wrapper.framework; name = UIKit.framework; path = System/Library/Frameworks/UIKit.framework; sourceTree = SDKROOT; };
		7A041367146C579A00EF537A /* Foundation.framework */ = {isa = PBXFileReference; lastKnownFileType = wrapper.framework; name = Foundation.framework; path = System/Library/Frameworks/Foundation.framework; sourceTree = SDKROOT; };
		7A041369146C579A00EF537A /* CoreGraphics.framework */ = {isa = PBXFileReference; lastKnownFileType = wrapper.framework; name = CoreGraphics.framework; path = System/Library/Frameworks/CoreGraphics.framework; sourceTree = SDKROOT; };
		7A04136D146C579A00EF537A /* Recipes-Info.plist */ = {isa = PBXFileReference; lastKnownFileType = text.plist.xml; path = "Recipes-Info.plist"; sourceTree = "<group>"; };
		7A04136F146C579A00EF537A /* en */ = {isa = PBXFileReference; lastKnownFileType = text.plist.strings; name = en; path = en.lproj/InfoPlist.strings; sourceTree = "<group>"; };
		7A041371146C579A00EF537A /* main.m */ = {isa = PBXFileReference; lastKnownFileType = sourcecode.c.objc; path = main.m; sourceTree = "<group>"; };
		7A041373146C579A00EF537A /* Recipes-Prefix.pch */ = {isa = PBXFileReference; lastKnownFileType = sourcecode.c.h; path = "Recipes-Prefix.pch"; sourceTree = "<group>"; };
		7A041374146C579A00EF537A /* CMAppDelegate.h */ = {isa = PBXFileReference; lastKnownFileType = sourcecode.c.h; path = CMAppDelegate.h; sourceTree = "<group>"; };
		7A041375146C579A00EF537A /* CMAppDelegate.m */ = {isa = PBXFileReference; lastKnownFileType = sourcecode.c.objc; path = CMAppDelegate.m; sourceTree = "<group>"; };
		7A041378146C579A00EF537A /* en */ = {isa = PBXFileReference; lastKnownFileType = file.storyboard; name = en; path = en.lproj/MainStoryboard.storyboard; sourceTree = "<group>"; };
		7A04137A146C579A00EF537A /* CMMasterViewController.h */ = {isa = PBXFileReference; lastKnownFileType = sourcecode.c.h; path = CMMasterViewController.h; sourceTree = "<group>"; };
		7A04137B146C579A00EF537A /* CMMasterViewController.m */ = {isa = PBXFileReference; lastKnownFileType = sourcecode.c.objc; path = CMMasterViewController.m; sourceTree = "<group>"; };
		7A04137D146C579A00EF537A /* CMDetailViewController.h */ = {isa = PBXFileReference; lastKnownFileType = sourcecode.c.h; path = CMDetailViewController.h; sourceTree = "<group>"; };
		7A04137E146C579A00EF537A /* CMDetailViewController.m */ = {isa = PBXFileReference; lastKnownFileType = sourcecode.c.objc; path = CMDetailViewController.m; sourceTree = "<group>"; };
		7A041385146C579A00EF537A /* RecipesTests.octest */ = {isa = PBXFileReference; explicitFileType = wrapper.cfbundle; includeInIndex = 0; path = RecipesTests.octest; sourceTree = BUILT_PRODUCTS_DIR; };
		7A041386146C579A00EF537A /* SenTestingKit.framework */ = {isa = PBXFileReference; lastKnownFileType = wrapper.framework; name = SenTestingKit.framework; path = Library/Frameworks/SenTestingKit.framework; sourceTree = DEVELOPER_DIR; };
		7A04138E146C579A00EF537A /* RecipesTests-Info.plist */ = {isa = PBXFileReference; lastKnownFileType = text.plist.xml; path = "RecipesTests-Info.plist"; sourceTree = "<group>"; };
		7A041390146C579A00EF537A /* en */ = {isa = PBXFileReference; lastKnownFileType = text.plist.strings; name = en; path = en.lproj/InfoPlist.strings; sourceTree = "<group>"; };
		7A041392146C579A00EF537A /* RecipesTests.h */ = {isa = PBXFileReference; lastKnownFileType = sourcecode.c.h; path = RecipesTests.h; sourceTree = "<group>"; };
		7A041393146C579A00EF537A /* RecipesTests.m */ = {isa = PBXFileReference; lastKnownFileType = sourcecode.c.objc; path = RecipesTests.m; sourceTree = "<group>"; };
		7A87316214BB0DD8000D6DEA /* CloudMine.framework */ = {isa = PBXFileReference; lastKnownFileType = wrapper.framework; name = CloudMine.framework; path = "../ios/build/Release-iphoneuniversal/CloudMine.framework"; sourceTree = "<group>"; };
		7AF6684C1471985E00E2A06D /* CFNetwork.framework */ = {isa = PBXFileReference; lastKnownFileType = wrapper.framework; name = CFNetwork.framework; path = System/Library/Frameworks/CFNetwork.framework; sourceTree = SDKROOT; };
		7AF6684E1471986700E2A06D /* SystemConfiguration.framework */ = {isa = PBXFileReference; lastKnownFileType = wrapper.framework; name = SystemConfiguration.framework; path = System/Library/Frameworks/SystemConfiguration.framework; sourceTree = SDKROOT; };
		7AF668501471987500E2A06D /* MobileCoreServices.framework */ = {isa = PBXFileReference; lastKnownFileType = wrapper.framework; name = MobileCoreServices.framework; path = System/Library/Frameworks/MobileCoreServices.framework; sourceTree = SDKROOT; };
		7AF668521471989B00E2A06D /* libz.dylib */ = {isa = PBXFileReference; lastKnownFileType = "compiled.mach-o.dylib"; name = libz.dylib; path = usr/lib/libz.dylib; sourceTree = SDKROOT; };
/* End PBXFileReference section */

/* Begin PBXFrameworksBuildPhase section */
		7A04135E146C579A00EF537A /* Frameworks */ = {
			isa = PBXFrameworksBuildPhase;
			buildActionMask = 2147483647;
			files = (
				7AF668531471989B00E2A06D /* libz.dylib in Frameworks */,
				7AF668511471987500E2A06D /* MobileCoreServices.framework in Frameworks */,
				7AF6684F1471986700E2A06D /* SystemConfiguration.framework in Frameworks */,
				7AF6684D1471985E00E2A06D /* CFNetwork.framework in Frameworks */,
				7A041366146C579A00EF537A /* UIKit.framework in Frameworks */,
				7A041368146C579A00EF537A /* Foundation.framework in Frameworks */,
				7A87316314BB0DD8000D6DEA /* CloudMine.framework in Frameworks */,
				7A04136A146C579A00EF537A /* CoreGraphics.framework in Frameworks */,
			);
			runOnlyForDeploymentPostprocessing = 0;
		};
		7A041381146C579A00EF537A /* Frameworks */ = {
			isa = PBXFrameworksBuildPhase;
			buildActionMask = 2147483647;
			files = (
				7A041387146C579A00EF537A /* SenTestingKit.framework in Frameworks */,
				7A041388146C579A00EF537A /* UIKit.framework in Frameworks */,
				7A041389146C579A00EF537A /* Foundation.framework in Frameworks */,
			);
			runOnlyForDeploymentPostprocessing = 0;
		};
/* End PBXFrameworksBuildPhase section */

/* Begin PBXGroup section */
		7A041356146C579A00EF537A = {
			isa = PBXGroup;
			children = (
				7A04136B146C579A00EF537A /* Recipes */,
				7A04138C146C579A00EF537A /* RecipesTests */,
				7A041364146C579A00EF537A /* Frameworks */,
				7A041362146C579A00EF537A /* Products */,
			);
			sourceTree = "<group>";
		};
		7A041362146C579A00EF537A /* Products */ = {
			isa = PBXGroup;
			children = (
				7A041361146C579A00EF537A /* Recipes.app */,
				7A041385146C579A00EF537A /* RecipesTests.octest */,
			);
			name = Products;
			sourceTree = "<group>";
		};
		7A041364146C579A00EF537A /* Frameworks */ = {
			isa = PBXGroup;
			children = (
				7AF668521471989B00E2A06D /* libz.dylib */,
				7A87316214BB0DD8000D6DEA /* CloudMine.framework */,
				7AF668501471987500E2A06D /* MobileCoreServices.framework */,
				7AF6684E1471986700E2A06D /* SystemConfiguration.framework */,
				7AF6684C1471985E00E2A06D /* CFNetwork.framework */,
				7A041365146C579A00EF537A /* UIKit.framework */,
				7A041367146C579A00EF537A /* Foundation.framework */,
				7A041369146C579A00EF537A /* CoreGraphics.framework */,
				7A041386146C579A00EF537A /* SenTestingKit.framework */,
			);
			name = Frameworks;
			sourceTree = "<group>";
		};
		7A04136B146C579A00EF537A /* Recipes */ = {
			isa = PBXGroup;
			children = (
				7A041374146C579A00EF537A /* CMAppDelegate.h */,
				7A041375146C579A00EF537A /* CMAppDelegate.m */,
				7A041377146C579A00EF537A /* MainStoryboard.storyboard */,
				7A04137A146C579A00EF537A /* CMMasterViewController.h */,
				7A04137B146C579A00EF537A /* CMMasterViewController.m */,
				7A04137D146C579A00EF537A /* CMDetailViewController.h */,
				7A04137E146C579A00EF537A /* CMDetailViewController.m */,
				7A04136C146C579A00EF537A /* Supporting Files */,
			);
			path = Recipes;
			sourceTree = "<group>";
		};
		7A04136C146C579A00EF537A /* Supporting Files */ = {
			isa = PBXGroup;
			children = (
				7A04136D146C579A00EF537A /* Recipes-Info.plist */,
				7A04136E146C579A00EF537A /* InfoPlist.strings */,
				7A041371146C579A00EF537A /* main.m */,
				7A041373146C579A00EF537A /* Recipes-Prefix.pch */,
			);
			name = "Supporting Files";
			sourceTree = "<group>";
		};
		7A04138C146C579A00EF537A /* RecipesTests */ = {
			isa = PBXGroup;
			children = (
				7A041392146C579A00EF537A /* RecipesTests.h */,
				7A041393146C579A00EF537A /* RecipesTests.m */,
				7A04138D146C579A00EF537A /* Supporting Files */,
			);
			path = RecipesTests;
			sourceTree = "<group>";
		};
		7A04138D146C579A00EF537A /* Supporting Files */ = {
			isa = PBXGroup;
			children = (
				7A04138E146C579A00EF537A /* RecipesTests-Info.plist */,
				7A04138F146C579A00EF537A /* InfoPlist.strings */,
			);
			name = "Supporting Files";
			sourceTree = "<group>";
		};
/* End PBXGroup section */

/* Begin PBXNativeTarget section */
		7A041360146C579A00EF537A /* Recipes */ = {
			isa = PBXNativeTarget;
			buildConfigurationList = 7A041397146C579A00EF537A /* Build configuration list for PBXNativeTarget "Recipes" */;
			buildPhases = (
				7A04135D146C579A00EF537A /* Sources */,
				7A04135E146C579A00EF537A /* Frameworks */,
				7A04135F146C579A00EF537A /* Resources */,
			);
			buildRules = (
			);
			dependencies = (
			);
			name = Recipes;
			productName = Recipes;
			productReference = 7A041361146C579A00EF537A /* Recipes.app */;
			productType = "com.apple.product-type.application";
		};
		7A041384146C579A00EF537A /* RecipesTests */ = {
			isa = PBXNativeTarget;
			buildConfigurationList = 7A04139A146C579A00EF537A /* Build configuration list for PBXNativeTarget "RecipesTests" */;
			buildPhases = (
				7A041380146C579A00EF537A /* Sources */,
				7A041381146C579A00EF537A /* Frameworks */,
				7A041382146C579A00EF537A /* Resources */,
				7A041383146C579A00EF537A /* ShellScript */,
			);
			buildRules = (
			);
			dependencies = (
				7A04138B146C579A00EF537A /* PBXTargetDependency */,
			);
			name = RecipesTests;
			productName = RecipesTests;
			productReference = 7A041385146C579A00EF537A /* RecipesTests.octest */;
			productType = "com.apple.product-type.bundle";
		};
/* End PBXNativeTarget section */

/* Begin PBXProject section */
		7A041358146C579A00EF537A /* Project object */ = {
			isa = PBXProject;
			attributes = {
				LastUpgradeCheck = 0420;
			};
			buildConfigurationList = 7A04135B146C579A00EF537A /* Build configuration list for PBXProject "Recipes" */;
			compatibilityVersion = "Xcode 3.2";
			developmentRegion = English;
			hasScannedForEncodings = 0;
			knownRegions = (
				en,
			);
			mainGroup = 7A041356146C579A00EF537A;
			productRefGroup = 7A041362146C579A00EF537A /* Products */;
			projectDirPath = "";
			projectRoot = "";
			targets = (
				7A041360146C579A00EF537A /* Recipes */,
				7A041384146C579A00EF537A /* RecipesTests */,
			);
		};
/* End PBXProject section */

/* Begin PBXResourcesBuildPhase section */
		7A04135F146C579A00EF537A /* Resources */ = {
			isa = PBXResourcesBuildPhase;
			buildActionMask = 2147483647;
			files = (
				7A041370146C579A00EF537A /* InfoPlist.strings in Resources */,
				7A041379146C579A00EF537A /* MainStoryboard.storyboard in Resources */,
			);
			runOnlyForDeploymentPostprocessing = 0;
		};
		7A041382146C579A00EF537A /* Resources */ = {
			isa = PBXResourcesBuildPhase;
			buildActionMask = 2147483647;
			files = (
				7A041391146C579A00EF537A /* InfoPlist.strings in Resources */,
			);
			runOnlyForDeploymentPostprocessing = 0;
		};
/* End PBXResourcesBuildPhase section */

/* Begin PBXShellScriptBuildPhase section */
		7A041383146C579A00EF537A /* ShellScript */ = {
			isa = PBXShellScriptBuildPhase;
			buildActionMask = 2147483647;
			files = (
			);
			inputPaths = (
			);
			outputPaths = (
			);
			runOnlyForDeploymentPostprocessing = 0;
			shellPath = /bin/sh;
			shellScript = "# Run the unit tests in this test bundle.\n\"${SYSTEM_DEVELOPER_DIR}/Tools/RunUnitTests\"\n";
		};
/* End PBXShellScriptBuildPhase section */

/* Begin PBXSourcesBuildPhase section */
		7A04135D146C579A00EF537A /* Sources */ = {
			isa = PBXSourcesBuildPhase;
			buildActionMask = 2147483647;
			files = (
				7A041372146C579A00EF537A /* main.m in Sources */,
				7A041376146C579A00EF537A /* CMAppDelegate.m in Sources */,
				7A04137C146C579A00EF537A /* CMMasterViewController.m in Sources */,
				7A04137F146C579A00EF537A /* CMDetailViewController.m in Sources */,
			);
			runOnlyForDeploymentPostprocessing = 0;
		};
		7A041380146C579A00EF537A /* Sources */ = {
			isa = PBXSourcesBuildPhase;
			buildActionMask = 2147483647;
			files = (
				7A041394146C579A00EF537A /* RecipesTests.m in Sources */,
			);
			runOnlyForDeploymentPostprocessing = 0;
		};
/* End PBXSourcesBuildPhase section */

/* Begin PBXTargetDependency section */
		7A04138B146C579A00EF537A /* PBXTargetDependency */ = {
			isa = PBXTargetDependency;
			target = 7A041360146C579A00EF537A /* Recipes */;
			targetProxy = 7A04138A146C579A00EF537A /* PBXContainerItemProxy */;
		};
/* End PBXTargetDependency section */

/* Begin PBXVariantGroup section */
		7A04136E146C579A00EF537A /* InfoPlist.strings */ = {
			isa = PBXVariantGroup;
			children = (
				7A04136F146C579A00EF537A /* en */,
			);
			name = InfoPlist.strings;
			sourceTree = "<group>";
		};
		7A041377146C579A00EF537A /* MainStoryboard.storyboard */ = {
			isa = PBXVariantGroup;
			children = (
				7A041378146C579A00EF537A /* en */,
			);
			name = MainStoryboard.storyboard;
			sourceTree = "<group>";
		};
		7A04138F146C579A00EF537A /* InfoPlist.strings */ = {
			isa = PBXVariantGroup;
			children = (
				7A041390146C579A00EF537A /* en */,
			);
			name = InfoPlist.strings;
			sourceTree = "<group>";
		};
/* End PBXVariantGroup section */

/* Begin XCBuildConfiguration section */
		7A041395146C579A00EF537A /* Debug */ = {
			isa = XCBuildConfiguration;
			buildSettings = {
				ALWAYS_SEARCH_USER_PATHS = NO;
				ARCHS = "$(ARCHS_STANDARD_32_BIT)";
				CLANG_ENABLE_OBJC_ARC = YES;
				"CODE_SIGN_IDENTITY[sdk=iphoneos*]" = "iPhone Developer";
				COPY_PHASE_STRIP = NO;
				GCC_C_LANGUAGE_STANDARD = gnu99;
				GCC_DYNAMIC_NO_PIC = NO;
				GCC_OPTIMIZATION_LEVEL = 0;
				GCC_PREPROCESSOR_DEFINITIONS = (
					"DEBUG=1",
					"$(inherited)",
				);
				GCC_SYMBOLS_PRIVATE_EXTERN = NO;
				GCC_VERSION = com.apple.compilers.llvm.clang.1_0;
				GCC_WARN_ABOUT_MISSING_PROTOTYPES = YES;
				GCC_WARN_ABOUT_RETURN_TYPE = YES;
				GCC_WARN_UNUSED_VARIABLE = YES;
				HEADER_SEARCH_PATHS = "$(inherited)";
				IPHONEOS_DEPLOYMENT_TARGET = 5.0;
				OTHER_LDFLAGS = "-all_load";
				SDKROOT = iphoneos;
			};
			name = Debug;
		};
		7A041396146C579A00EF537A /* Release */ = {
			isa = XCBuildConfiguration;
			buildSettings = {
				ALWAYS_SEARCH_USER_PATHS = NO;
				ARCHS = "$(ARCHS_STANDARD_32_BIT)";
				CLANG_ENABLE_OBJC_ARC = YES;
				"CODE_SIGN_IDENTITY[sdk=iphoneos*]" = "iPhone Developer";
				COPY_PHASE_STRIP = YES;
				GCC_C_LANGUAGE_STANDARD = gnu99;
				GCC_VERSION = com.apple.compilers.llvm.clang.1_0;
				GCC_WARN_ABOUT_MISSING_PROTOTYPES = YES;
				GCC_WARN_ABOUT_RETURN_TYPE = YES;
				GCC_WARN_UNUSED_VARIABLE = YES;
				HEADER_SEARCH_PATHS = "$(inherited)";
				IPHONEOS_DEPLOYMENT_TARGET = 5.0;
				OTHER_CFLAGS = "-DNS_BLOCK_ASSERTIONS=1";
				OTHER_LDFLAGS = "-all_load";
				SDKROOT = iphoneos;
				VALIDATE_PRODUCT = YES;
			};
			name = Release;
		};
		7A041398146C579A00EF537A /* Debug */ = {
			isa = XCBuildConfiguration;
			buildSettings = {
				FRAMEWORK_SEARCH_PATHS = (
					"$(inherited)",
					"\"$(SRCROOT)/../ios/build/Release-iphoneuniversal\"",
				);
				GCC_PRECOMPILE_PREFIX_HEADER = YES;
				GCC_PREFIX_HEADER = "Recipes/Recipes-Prefix.pch";
				HEADER_SEARCH_PATHS = "";
				INFOPLIST_FILE = "Recipes/Recipes-Info.plist";
				LIBRARY_SEARCH_PATHS = "$(inherited)";
				PRODUCT_NAME = "$(TARGET_NAME)";
				WRAPPER_EXTENSION = app;
			};
			name = Debug;
		};
		7A041399146C579A00EF537A /* Release */ = {
			isa = XCBuildConfiguration;
			buildSettings = {
				FRAMEWORK_SEARCH_PATHS = (
					"$(inherited)",
					"\"$(SRCROOT)/../ios/build/Release-iphoneuniversal\"",
				);
				GCC_PRECOMPILE_PREFIX_HEADER = YES;
				GCC_PREFIX_HEADER = "Recipes/Recipes-Prefix.pch";
				HEADER_SEARCH_PATHS = "";
				INFOPLIST_FILE = "Recipes/Recipes-Info.plist";
				LIBRARY_SEARCH_PATHS = "$(inherited)";
				PRODUCT_NAME = "$(TARGET_NAME)";
				WRAPPER_EXTENSION = app;
			};
			name = Release;
		};
		7A04139B146C579A00EF537A /* Debug */ = {
			isa = XCBuildConfiguration;
			buildSettings = {
				BUNDLE_LOADER = "$(BUILT_PRODUCTS_DIR)/Recipes.app/Recipes";
				FRAMEWORK_SEARCH_PATHS = (
					"$(SDKROOT)/Developer/Library/Frameworks",
					"$(DEVELOPER_LIBRARY_DIR)/Frameworks",
				);
				GCC_PRECOMPILE_PREFIX_HEADER = YES;
				GCC_PREFIX_HEADER = "Recipes/Recipes-Prefix.pch";
				INFOPLIST_FILE = "RecipesTests/RecipesTests-Info.plist";
				PRODUCT_NAME = "$(TARGET_NAME)";
				TEST_HOST = "$(BUNDLE_LOADER)";
				WRAPPER_EXTENSION = octest;
			};
			name = Debug;
		};
		7A04139C146C579A00EF537A /* Release */ = {
			isa = XCBuildConfiguration;
			buildSettings = {
				BUNDLE_LOADER = "$(BUILT_PRODUCTS_DIR)/Recipes.app/Recipes";
				FRAMEWORK_SEARCH_PATHS = (
					"$(SDKROOT)/Developer/Library/Frameworks",
					"$(DEVELOPER_LIBRARY_DIR)/Frameworks",
				);
				GCC_PRECOMPILE_PREFIX_HEADER = YES;
				GCC_PREFIX_HEADER = "Recipes/Recipes-Prefix.pch";
				INFOPLIST_FILE = "RecipesTests/RecipesTests-Info.plist";
				PRODUCT_NAME = "$(TARGET_NAME)";
				TEST_HOST = "$(BUNDLE_LOADER)";
				WRAPPER_EXTENSION = octest;
			};
			name = Release;
		};
/* End XCBuildConfiguration section */

/* Begin XCConfigurationList section */
		7A04135B146C579A00EF537A /* Build configuration list for PBXProject "Recipes" */ = {
			isa = XCConfigurationList;
			buildConfigurations = (
				7A041395146C579A00EF537A /* Debug */,
				7A041396146C579A00EF537A /* Release */,
			);
			defaultConfigurationIsVisible = 0;
			defaultConfigurationName = Release;
		};
		7A041397146C579A00EF537A /* Build configuration list for PBXNativeTarget "Recipes" */ = {
			isa = XCConfigurationList;
			buildConfigurations = (
				7A041398146C579A00EF537A /* Debug */,
				7A041399146C579A00EF537A /* Release */,
			);
			defaultConfigurationIsVisible = 0;
			defaultConfigurationName = Release;
		};
		7A04139A146C579A00EF537A /* Build configuration list for PBXNativeTarget "RecipesTests" */ = {
			isa = XCConfigurationList;
			buildConfigurations = (
				7A04139B146C579A00EF537A /* Debug */,
				7A04139C146C579A00EF537A /* Release */,
			);
			defaultConfigurationIsVisible = 0;
			defaultConfigurationName = Release;
		};
/* End XCConfigurationList section */
	};
	rootObject = 7A041358146C579A00EF537A /* Project object */;
}
